
Microsoft Visual Studio Solution File, Format Version 12.00
# Visual Studio 15
VisualStudioVersion = 15.0.27703.2000
MinimumVisualStudioVersion = 10.0.40219.1
Project("{FAE04EC0-301F-11D3-BF4B-00C04F79EFBC}") = "4_file_parser", "4_file_parser\4_file_parser.csproj", "{26B20318-28E6-48FE-9A6E-7F80617FC3EA}"
EndProject
Project("{FAE04EC0-301F-11D3-BF4B-00C04F79EFBC}") = "Instruments", "..\Instruments\Instruments\Instruments.csproj", "{A44684E7-1AEC-43C7-9E33-1628E6EFFEF0}"
EndProject
Project("{FAE04EC0-301F-11D3-BF4B-00C04F79EFBC}") = "4_file_parserTests", "4_file_parserTests\4_file_parserTests.csproj", "{D32EB02F-0A89-4854-BE98-964A888F8072}"
EndProject
Global
	GlobalSection(SolutionConfigurationPlatforms) = preSolution
		Debug|Any CPU = Debug|Any CPU
		Release|Any CPU = Release|Any CPU
	EndGlobalSection
	GlobalSection(ProjectConfigurationPlatforms) = postSolution
		{26B20318-28E6-48FE-9A6E-7F80617FC3EA}.Debug|Any CPU.ActiveCfg = Debug|Any CPU
		{26B20318-28E6-48FE-9A6E-7F80617FC3EA}.Debug|Any CPU.Build.0 = Debug|Any CPU
		{26B20318-28E6-48FE-9A6E-7F80617FC3EA}.Release|Any CPU.ActiveCfg = Release|Any CPU
		{26B20318-28E6-48FE-9A6E-7F80617FC3EA}.Release|Any CPU.Build.0 = Release|Any CPU
		{A44684E7-1AEC-43C7-9E33-1628E6EFFEF0}.Debug|Any CPU.ActiveCfg = Debug|Any CPU
		{A44684E7-1AEC-43C7-9E33-1628E6EFFEF0}.Debug|Any CPU.Build.0 = Debug|Any CPU
		{A44684E7-1AEC-43C7-9E33-1628E6EFFEF0}.Release|Any CPU.ActiveCfg = Release|Any CPU
		{A44684E7-1AEC-43C7-9E33-1628E6EFFEF0}.Release|Any CPU.Build.0 = Release|Any CPU
		{D32EB02F-0A89-4854-BE98-964A888F8072}.Debug|Any CPU.ActiveCfg = Debug|Any CPU
		{D32EB02F-0A89-4854-BE98-964A888F8072}.Debug|Any CPU.Build.0 = Debug|Any CPU
		{D32EB02F-0A89-4854-BE98-964A888F8072}.Release|Any CPU.ActiveCfg = Release|Any CPU
		{D32EB02F-0A89-4854-BE98-964A888F8072}.Release|Any CPU.Build.0 = Release|Any CPU
	EndGlobalSection
	GlobalSection(SolutionProperties) = preSolution
		HideSolutionNode = FALSE
	EndGlobalSection
	GlobalSection(ExtensibilityGlobals) = postSolution
		SolutionGuid = {2737213F-A1BF-4F60-9915-7EFC233CAE39}
	EndGlobalSection
EndGlobal
