
Microsoft Visual Studio Solution File, Format Version 12.00
# Visual Studio 15
VisualStudioVersion = 15.0.27703.2000
MinimumVisualStudioVersion = 10.0.40219.1
Project("{FAE04EC0-301F-11D3-BF4B-00C04F79EFBC}") = "8_Fibonacci_series", "8_Fibonacci_series\8_Fibonacci_series.csproj", "{F2FF69FB-BFF4-4936-91DF-7BE618BAAAB3}"
EndProject
Project("{FAE04EC0-301F-11D3-BF4B-00C04F79EFBC}") = "Instruments", "..\Instruments\Instruments\Instruments.csproj", "{A44684E7-1AEC-43C7-9E33-1628E6EFFEF0}"
EndProject
Project("{FAE04EC0-301F-11D3-BF4B-00C04F79EFBC}") = "8_Fibonacci_seriesTests", "8_Fibonacci_seriesTests\8_Fibonacci_seriesTests.csproj", "{F2C38ECB-9F68-4258-ACCA-55952F8778F8}"
EndProject
Global
	GlobalSection(SolutionConfigurationPlatforms) = preSolution
		Debug|Any CPU = Debug|Any CPU
		Release|Any CPU = Release|Any CPU
	EndGlobalSection
	GlobalSection(ProjectConfigurationPlatforms) = postSolution
		{F2FF69FB-BFF4-4936-91DF-7BE618BAAAB3}.Debug|Any CPU.ActiveCfg = Debug|Any CPU
		{F2FF69FB-BFF4-4936-91DF-7BE618BAAAB3}.Debug|Any CPU.Build.0 = Debug|Any CPU
		{F2FF69FB-BFF4-4936-91DF-7BE618BAAAB3}.Release|Any CPU.ActiveCfg = Release|Any CPU
		{F2FF69FB-BFF4-4936-91DF-7BE618BAAAB3}.Release|Any CPU.Build.0 = Release|Any CPU
		{A44684E7-1AEC-43C7-9E33-1628E6EFFEF0}.Debug|Any CPU.ActiveCfg = Debug|Any CPU
		{A44684E7-1AEC-43C7-9E33-1628E6EFFEF0}.Debug|Any CPU.Build.0 = Debug|Any CPU
		{A44684E7-1AEC-43C7-9E33-1628E6EFFEF0}.Release|Any CPU.ActiveCfg = Release|Any CPU
		{A44684E7-1AEC-43C7-9E33-1628E6EFFEF0}.Release|Any CPU.Build.0 = Release|Any CPU
		{F2C38ECB-9F68-4258-ACCA-55952F8778F8}.Debug|Any CPU.ActiveCfg = Debug|Any CPU
		{F2C38ECB-9F68-4258-ACCA-55952F8778F8}.Debug|Any CPU.Build.0 = Debug|Any CPU
		{F2C38ECB-9F68-4258-ACCA-55952F8778F8}.Release|Any CPU.ActiveCfg = Release|Any CPU
		{F2C38ECB-9F68-4258-ACCA-55952F8778F8}.Release|Any CPU.Build.0 = Release|Any CPU
	EndGlobalSection
	GlobalSection(SolutionProperties) = preSolution
		HideSolutionNode = FALSE
	EndGlobalSection
	GlobalSection(ExtensibilityGlobals) = postSolution
		SolutionGuid = {74CDEA7E-1C43-47B1-A954-B1DAC29D47A3}
	EndGlobalSection
EndGlobal
