
Microsoft Visual Studio Solution File, Format Version 12.00
# Visual Studio 15
VisualStudioVersion = 15.0.27703.2026
MinimumVisualStudioVersion = 10.0.40219.1
Project("{FAE04EC0-301F-11D3-BF4B-00C04F79EFBC}") = "Instruments", "Instruments\Instruments.csproj", "{A44684E7-1AEC-43C7-9E33-1628E6EFFEF0}"
EndProject
Project("{FAE04EC0-301F-11D3-BF4B-00C04F79EFBC}") = "InstrumentsTests", "InstrumentsTests\InstrumentsTests.csproj", "{9E731671-A7E9-48F4-9592-002B35DEE147}"
EndProject
Global
	GlobalSection(SolutionConfigurationPlatforms) = preSolution
		Debug|Any CPU = Debug|Any CPU
		Release|Any CPU = Release|Any CPU
	EndGlobalSection
	GlobalSection(ProjectConfigurationPlatforms) = postSolution
		{A44684E7-1AEC-43C7-9E33-1628E6EFFEF0}.Debug|Any CPU.ActiveCfg = Debug|Any CPU
		{A44684E7-1AEC-43C7-9E33-1628E6EFFEF0}.Debug|Any CPU.Build.0 = Debug|Any CPU
		{A44684E7-1AEC-43C7-9E33-1628E6EFFEF0}.Release|Any CPU.ActiveCfg = Release|Any CPU
		{A44684E7-1AEC-43C7-9E33-1628E6EFFEF0}.Release|Any CPU.Build.0 = Release|Any CPU
		{9E731671-A7E9-48F4-9592-002B35DEE147}.Debug|Any CPU.ActiveCfg = Debug|Any CPU
		{9E731671-A7E9-48F4-9592-002B35DEE147}.Debug|Any CPU.Build.0 = Debug|Any CPU
		{9E731671-A7E9-48F4-9592-002B35DEE147}.Release|Any CPU.ActiveCfg = Release|Any CPU
		{9E731671-A7E9-48F4-9592-002B35DEE147}.Release|Any CPU.Build.0 = Release|Any CPU
	EndGlobalSection
	GlobalSection(SolutionProperties) = preSolution
		HideSolutionNode = FALSE
	EndGlobalSection
	GlobalSection(ExtensibilityGlobals) = postSolution
		SolutionGuid = {5485D33F-6751-432B-9E17-6B889A226F2A}
	EndGlobalSection
EndGlobal
