
Microsoft Visual Studio Solution File, Format Version 12.00
# Visual Studio 15
VisualStudioVersion = 15.0.27703.2000
MinimumVisualStudioVersion = 10.0.40219.1
Project("{FAE04EC0-301F-11D3-BF4B-00C04F79EFBC}") = "5_num_in_words", "5_num_in_words\5_num_in_words.csproj", "{369483BE-0837-4179-BE13-8C71BCDC53C7}"
EndProject
Project("{FAE04EC0-301F-11D3-BF4B-00C04F79EFBC}") = "Instruments", "..\Instruments\Instruments\Instruments.csproj", "{A44684E7-1AEC-43C7-9E33-1628E6EFFEF0}"
EndProject
Project("{FAE04EC0-301F-11D3-BF4B-00C04F79EFBC}") = "5_num_in_wordsTests", "5_num_in_wordsTests\5_num_in_wordsTests.csproj", "{3BCF162A-C799-4EFD-AB2E-B242DEFF8547}"
EndProject
Global
	GlobalSection(SolutionConfigurationPlatforms) = preSolution
		Debug|Any CPU = Debug|Any CPU
		Release|Any CPU = Release|Any CPU
	EndGlobalSection
	GlobalSection(ProjectConfigurationPlatforms) = postSolution
		{369483BE-0837-4179-BE13-8C71BCDC53C7}.Debug|Any CPU.ActiveCfg = Debug|Any CPU
		{369483BE-0837-4179-BE13-8C71BCDC53C7}.Debug|Any CPU.Build.0 = Debug|Any CPU
		{369483BE-0837-4179-BE13-8C71BCDC53C7}.Release|Any CPU.ActiveCfg = Release|Any CPU
		{369483BE-0837-4179-BE13-8C71BCDC53C7}.Release|Any CPU.Build.0 = Release|Any CPU
		{A44684E7-1AEC-43C7-9E33-1628E6EFFEF0}.Debug|Any CPU.ActiveCfg = Debug|Any CPU
		{A44684E7-1AEC-43C7-9E33-1628E6EFFEF0}.Debug|Any CPU.Build.0 = Debug|Any CPU
		{A44684E7-1AEC-43C7-9E33-1628E6EFFEF0}.Release|Any CPU.ActiveCfg = Release|Any CPU
		{A44684E7-1AEC-43C7-9E33-1628E6EFFEF0}.Release|Any CPU.Build.0 = Release|Any CPU
		{3BCF162A-C799-4EFD-AB2E-B242DEFF8547}.Debug|Any CPU.ActiveCfg = Debug|Any CPU
		{3BCF162A-C799-4EFD-AB2E-B242DEFF8547}.Debug|Any CPU.Build.0 = Debug|Any CPU
		{3BCF162A-C799-4EFD-AB2E-B242DEFF8547}.Release|Any CPU.ActiveCfg = Release|Any CPU
		{3BCF162A-C799-4EFD-AB2E-B242DEFF8547}.Release|Any CPU.Build.0 = Release|Any CPU
	EndGlobalSection
	GlobalSection(SolutionProperties) = preSolution
		HideSolutionNode = FALSE
	EndGlobalSection
	GlobalSection(ExtensibilityGlobals) = postSolution
		SolutionGuid = {63A7EC14-4BCA-4474-8167-F14CF023ABB7}
	EndGlobalSection
EndGlobal
